
Microsoft Visual Studio Solution File, Format Version 12.00
# Visual Studio 15
VisualStudioVersion = 15.0.26730.16
MinimumVisualStudioVersion = 10.0.40219.1
Project("{FAE04EC0-301F-11D3-BF4B-00C04F79EFBC}") = "QECommerce", "QECommerce\QECommerce.csproj", "{CA29EC70-2E67-4C7D-ACBE-0A4139EB2E72}"
EndProject
Global
	GlobalSection(SolutionConfigurationPlatforms) = preSolution
		Debug|Any CPU = Debug|Any CPU
		Release|Any CPU = Release|Any CPU
	EndGlobalSection
	GlobalSection(ProjectConfigurationPlatforms) = postSolution
		{CA29EC70-2E67-4C7D-ACBE-0A4139EB2E72}.Debug|Any CPU.ActiveCfg = Debug|Any CPU
		{CA29EC70-2E67-4C7D-ACBE-0A4139EB2E72}.Debug|Any CPU.Build.0 = Debug|Any CPU
		{CA29EC70-2E67-4C7D-ACBE-0A4139EB2E72}.Release|Any CPU.ActiveCfg = Release|Any CPU
		{CA29EC70-2E67-4C7D-ACBE-0A4139EB2E72}.Release|Any CPU.Build.0 = Release|Any CPU
	EndGlobalSection
	GlobalSection(SolutionProperties) = preSolution
		HideSolutionNode = FALSE
	EndGlobalSection
	GlobalSection(ExtensibilityGlobals) = postSolution
		SolutionGuid = {86529BE0-9000-4AB6-AC33-08D176CA6AC5}
	EndGlobalSection
EndGlobal
